<?xml version="1.0" encoding="utf-8"?>
<Project ToolsVersion="4.0" xmlns="http://schemas.microsoft.com/developer/msbuild/2003">
  <ItemGroup>
    <Filter Include="ソース ファイル">
      <UniqueIdentifier>{4FC737F1-C7A5-4376-A066-2A32D752A2FF}</UniqueIdentifier>
      <Extensions>cpp;c;cc;cxx;c++;cppm;ixx;def;odl;idl;hpj;bat;asm;asmx</Extensions>
    </Filter>
    <Filter Include="ヘッダー ファイル">
      <UniqueIdentifier>{93995380-89BD-4b04-88EB-625FBE52EBFB}</UniqueIdentifier>
      <Extensions>h;hh;hpp;hxx;h++;hm;inl;inc;ipp;xsd</Extensions>
    </Filter>
    <Filter Include="リソース ファイル">
      <UniqueIdentifier>{67DA6AB6-F800-4c08-8B7A-83BB121AAD01}</UniqueIdentifier>
      <Extensions>rc;ico;cur;bmp;dlg;rc2;rct;bin;rgs;gif;jpg;jpeg;jpe;resx;tiff;tif;png;wav;mfcribbon-ms</Extensions>
    </Filter>
  </ItemGroup>
  <ItemGroup>
    <ClCompile Include="Program\new_seki.c">
      <Filter>ソース ファイル</Filter>
    </ClCompile>
    <ClCompile Include="Program\new_seki2.c">
      <Filter>ソース ファイル</Filter>
    </ClCompile>
    <ClCompile Include="Program\new_sigmoid.c">
      <Filter>ソース ファイル</Filter>
    </ClCompile>
    <ClCompile Include="Program\new_whitening.c">
      <Filter>ソース ファイル</Filter>
    </ClCompile>
    <ClCompile Include="Program\new_ytoyt.c">
      <Filter>ソース ファイル</Filter>
    </ClCompile>
    <ClCompile Include="Program\normal.c">
      <Filter>ソース ファイル</Filter>
    </ClCompile>
    <ClCompile Include="Program\seki.c">
      <Filter>ソース ファイル</Filter>
    </ClCompile>
    <ClCompile Include="Program\seki3.c">
      <Filter>ソース ファイル</Filter>
    </ClCompile>
    <ClCompile Include="Program\seki5.c">
      <Filter>ソース ファイル</Filter>
    </ClCompile>
    <ClCompile Include="Program\seki5_Block.c">
      <Filter>ソース ファイル</Filter>
    </ClCompile>
    <ClCompile Include="Program\sort.c">
      <Filter>ソース ファイル</Filter>
    </ClCompile>
    <ClCompile Include="Program\wtosai.c">
      <Filter>ソース ファイル</Filter>
    </ClCompile>
    <ClCompile Include="Program\xtogen.c">
      <Filter>ソース ファイル</Filter>
    </ClCompile>
    <ClCompile Include="Program\xtogen_Block.c">
      <Filter>ソース ファイル</Filter>
    </ClCompile>
    <ClCompile Include="Program\avg_inter.c">
      <Filter>ソース ファイル</Filter>
    </ClCompile>
    <ClCompile Include="Program\avg_inter_Block.c">
      <Filter>ソース ファイル</Filter>
    </ClCompile>
    <ClCompile Include="Program\b_entropy_dct.c">
      <Filter>ソース ファイル</Filter>
    </ClCompile>
    <ClCompile Include="Program\b_entropy_ica.c">
      <Filter>ソース ファイル</Filter>
    </ClCompile>
    <ClCompile Include="Program\b_mse.c">
      <Filter>ソース ファイル</Filter>
    </ClCompile>
    <ClCompile Include="Program\backup.c">
      <Filter>ソース ファイル</Filter>
    </ClCompile>
    <ClCompile Include="Program\cor_coe.c">
      <Filter>ソース ファイル</Filter>
    </ClCompile>
    <ClCompile Include="Program\dct.c">
      <Filter>ソース ファイル</Filter>
    </ClCompile>
    <ClCompile Include="Program\dctcoe_conv.c">
      <Filter>ソース ファイル</Filter>
    </ClCompile>
    <ClCompile Include="Program\file_copy.c">
      <Filter>ソース ファイル</Filter>
    </ClCompile>
    <ClCompile Include="Program\gentox.c">
      <Filter>ソース ファイル</Filter>
    </ClCompile>
    <ClCompile Include="Program\gnuplot.c">
      <Filter>ソース ファイル</Filter>
    </ClCompile>
    <ClCompile Include="Program\gnuplot2.c">
      <Filter>ソース ファイル</Filter>
    </ClCompile>
    <ClCompile Include="Program\gunplot3.c">
      <Filter>ソース ファイル</Filter>
    </ClCompile>
    <ClCompile Include="Program\ICA.c">
      <Filter>ソース ファイル</Filter>
    </ClCompile>
    <ClCompile Include="Program\ICA_temp.c">
      <Filter>ソース ファイル</Filter>
    </ClCompile>
    <ClCompile Include="Program\ica_test.c">
      <Filter>ソース ファイル</Filter>
    </ClCompile>
    <ClCompile Include="Program\idct.c">
      <Filter>ソース ファイル</Filter>
    </ClCompile>
    <ClCompile Include="Program\idct_Block.c">
      <Filter>ソース ファイル</Filter>
    </ClCompile>
    <ClCompile Include="Program\identity.c">
      <Filter>ソース ファイル</Filter>
    </ClCompile>
    <ClCompile Include="Program\inv.c">
      <Filter>ソース ファイル</Filter>
    </ClCompile>
    <ClCompile Include="Program\main.c">
      <Filter>ソース ファイル</Filter>
    </ClCompile>
    <ClCompile Include="Program\make_cost.c">
      <Filter>ソース ファイル</Filter>
    </ClCompile>
    <ClCompile Include="Program\makew.c">
      <Filter>ソース ファイル</Filter>
    </ClCompile>
    <ClCompile Include="Program\new_pca.c">
      <Filter>ソース ファイル</Filter>
    </ClCompile>
    <ClCompile Include="Program\new_pre.c">
      <Filter>ソース ファイル</Filter>
    </ClCompile>
    <ClCompile Include="Program\quantization.c">
      <Filter>ソース ファイル</Filter>
    </ClCompile>
  </ItemGroup>
  <ItemGroup>
    <Text Include="Program\README.txt" />
  </ItemGroup>
  <ItemGroup>
    <ClInclude Include="Program\ica.h">
      <Filter>ヘッダー ファイル</Filter>
    </ClInclude>
    <ClInclude Include="Program\MT.h">
      <Filter>ヘッダー ファイル</Filter>
    </ClInclude>
  </ItemGroup>
</Project>