<?xml version="1.0" encoding="utf-8"?>
<Project ToolsVersion="4.0" xmlns="http://schemas.microsoft.com/developer/msbuild/2003">
  <ItemGroup>
    <Filter Include="ソース ファイル">
      <UniqueIdentifier>{4FC737F1-C7A5-4376-A066-2A32D752A2FF}</UniqueIdentifier>
      <Extensions>cpp;c;cc;cxx;c++;cppm;ixx;def;odl;idl;hpj;bat;asm;asmx</Extensions>
    </Filter>
    <Filter Include="ヘッダー ファイル">
      <UniqueIdentifier>{93995380-89BD-4b04-88EB-625FBE52EBFB}</UniqueIdentifier>
      <Extensions>h;hh;hpp;hxx;h++;hm;inl;inc;ipp;xsd</Extensions>
    </Filter>
    <Filter Include="リソース ファイル">
      <UniqueIdentifier>{67DA6AB6-F800-4c08-8B7A-83BB121AAD01}</UniqueIdentifier>
      <Extensions>rc;ico;cur;bmp;dlg;rc2;rct;bin;rgs;gif;jpg;jpeg;jpe;resx;tiff;tif;png;wav;mfcribbon-ms</Extensions>
    </Filter>
  </ItemGroup>
  <ItemGroup>
    <ClCompile Include="idct.c">
      <Filter>ソース ファイル</Filter>
    </ClCompile>
    <ClCompile Include="identity.c">
      <Filter>ソース ファイル</Filter>
    </ClCompile>
    <ClCompile Include="inv.c">
      <Filter>ソース ファイル</Filter>
    </ClCompile>
    <ClCompile Include="main.c">
      <Filter>ソース ファイル</Filter>
    </ClCompile>
    <ClCompile Include="avg_inter.c">
      <Filter>ソース ファイル</Filter>
    </ClCompile>
    <ClCompile Include="avg_inter_Block.c">
      <Filter>ソース ファイル</Filter>
    </ClCompile>
    <ClCompile Include="b_entropy_dct.c">
      <Filter>ソース ファイル</Filter>
    </ClCompile>
    <ClCompile Include="b_entropy_ica.c">
      <Filter>ソース ファイル</Filter>
    </ClCompile>
    <ClCompile Include="b_mse.c">
      <Filter>ソース ファイル</Filter>
    </ClCompile>
    <ClCompile Include="cor_coe.c">
      <Filter>ソース ファイル</Filter>
    </ClCompile>
    <ClCompile Include="dct.c">
      <Filter>ソース ファイル</Filter>
    </ClCompile>
    <ClCompile Include="dctcoe_conv.c">
      <Filter>ソース ファイル</Filter>
    </ClCompile>
    <ClCompile Include="file_copy.c">
      <Filter>ソース ファイル</Filter>
    </ClCompile>
    <ClCompile Include="gentox.c">
      <Filter>ソース ファイル</Filter>
    </ClCompile>
    <ClCompile Include="gnuplot.c">
      <Filter>ソース ファイル</Filter>
    </ClCompile>
    <ClCompile Include="gnuplot2.c">
      <Filter>ソース ファイル</Filter>
    </ClCompile>
    <ClCompile Include="gunplot3.c">
      <Filter>ソース ファイル</Filter>
    </ClCompile>
    <ClCompile Include="ICA.c">
      <Filter>ソース ファイル</Filter>
    </ClCompile>
    <ClCompile Include="ICA_temp.c">
      <Filter>ソース ファイル</Filter>
    </ClCompile>
    <ClCompile Include="wtosai.c">
      <Filter>ソース ファイル</Filter>
    </ClCompile>
    <ClCompile Include="xtogen.c">
      <Filter>ソース ファイル</Filter>
    </ClCompile>
    <ClCompile Include="xtogen_Block.c">
      <Filter>ソース ファイル</Filter>
    </ClCompile>
    <ClCompile Include="make_cost.c">
      <Filter>ソース ファイル</Filter>
    </ClCompile>
    <ClCompile Include="makew.c">
      <Filter>ソース ファイル</Filter>
    </ClCompile>
    <ClCompile Include="new_pca.c">
      <Filter>ソース ファイル</Filter>
    </ClCompile>
    <ClCompile Include="new_pre.c">
      <Filter>ソース ファイル</Filter>
    </ClCompile>
    <ClCompile Include="new_seki.c">
      <Filter>ソース ファイル</Filter>
    </ClCompile>
    <ClCompile Include="new_seki2.c">
      <Filter>ソース ファイル</Filter>
    </ClCompile>
    <ClCompile Include="new_sigmoid.c">
      <Filter>ソース ファイル</Filter>
    </ClCompile>
    <ClCompile Include="new_whitening.c">
      <Filter>ソース ファイル</Filter>
    </ClCompile>
    <ClCompile Include="new_ytoyt.c">
      <Filter>ソース ファイル</Filter>
    </ClCompile>
    <ClCompile Include="normal.c">
      <Filter>ソース ファイル</Filter>
    </ClCompile>
    <ClCompile Include="quantization.c">
      <Filter>ソース ファイル</Filter>
    </ClCompile>
    <ClCompile Include="seki.c">
      <Filter>ソース ファイル</Filter>
    </ClCompile>
    <ClCompile Include="seki3.c">
      <Filter>ソース ファイル</Filter>
    </ClCompile>
    <ClCompile Include="seki5.c">
      <Filter>ソース ファイル</Filter>
    </ClCompile>
    <ClCompile Include="seki5_Block.c">
      <Filter>ソース ファイル</Filter>
    </ClCompile>
    <ClCompile Include="bitmap.c">
      <Filter>ソース ファイル</Filter>
    </ClCompile>
    <ClCompile Include="img_out.c">
      <Filter>ソース ファイル</Filter>
    </ClCompile>
    <ClCompile Include="gnuplot4.c">
      <Filter>ソース ファイル</Filter>
    </ClCompile>
    <ClCompile Include="txt_out.c">
      <Filter>ソース ファイル</Filter>
    </ClCompile>
    <ClCompile Include="txt_out2.c">
      <Filter>ソース ファイル</Filter>
    </ClCompile>
    <ClCompile Include="txt_out3.c">
      <Filter>ソース ファイル</Filter>
    </ClCompile>
    <ClCompile Include="txt_out4.c">
      <Filter>ソース ファイル</Filter>
    </ClCompile>
    <ClCompile Include="txt_out5.c">
      <Filter>ソース ファイル</Filter>
    </ClCompile>
    <ClCompile Include="group.c">
      <Filter>ソース ファイル</Filter>
    </ClCompile>
    <ClCompile Include="inner_product.c">
      <Filter>ソース ファイル</Filter>
    </ClCompile>
    <ClCompile Include="block_psnr.c">
      <Filter>ソース ファイル</Filter>
    </ClCompile>
    <ClCompile Include="segmentation_ent_out.c">
      <Filter>ソース ファイル</Filter>
    </ClCompile>
    <ClCompile Include="mp.c">
      <Filter>ソース ファイル</Filter>
    </ClCompile>
    <ClCompile Include="get_seg_image.c">
      <Filter>ソース ファイル</Filter>
    </ClCompile>
    <ClCompile Include="segmentation_RD_single.c">
      <Filter>ソース ファイル</Filter>
    </ClCompile>
    <ClCompile Include="ent_out.c">
      <Filter>ソース ファイル</Filter>
    </ClCompile>
    <ClCompile Include="ent_count.c">
      <Filter>ソース ファイル</Filter>
    </ClCompile>
    <ClCompile Include="ent_count_basis.c">
      <Filter>ソース ファイル</Filter>
    </ClCompile>
    <ClCompile Include="gnuplot5.c">
      <Filter>ソース ファイル</Filter>
    </ClCompile>
  </ItemGroup>
  <ItemGroup>
    <ClInclude Include="ica.h">
      <Filter>ヘッダー ファイル</Filter>
    </ClInclude>
    <ClInclude Include="MT.h">
      <Filter>ヘッダー ファイル</Filter>
    </ClInclude>
  </ItemGroup>
</Project>